
Microsoft Visual Studio Solution File, Format Version 12.00
# Visual Studio Version 17
VisualStudioVersion = 17.3.32819.101
MinimumVisualStudioVersion = 10.0.40219.1
Project("{FAE04EC0-301F-11D3-BF4B-00C04F79EFBC}") = "CLI Application", "CLI Application.csproj", "{BCF10AE0-3040-4580-B523-6A9D8A18D52D}"
EndProject
Global
	GlobalSection(SolutionConfigurationPlatforms) = preSolution
		Debug|Any CPU = Debug|Any CPU
		Release|Any CPU = Release|Any CPU
	EndGlobalSection
	GlobalSection(ProjectConfigurationPlatforms) = postSolution
		{BCF10AE0-3040-4580-B523-6A9D8A18D52D}.Debug|Any CPU.ActiveCfg = Debug|Any CPU
		{BCF10AE0-3040-4580-B523-6A9D8A18D52D}.Debug|Any CPU.Build.0 = Debug|Any CPU
		{BCF10AE0-3040-4580-B523-6A9D8A18D52D}.Release|Any CPU.ActiveCfg = Release|Any CPU
		{BCF10AE0-3040-4580-B523-6A9D8A18D52D}.Release|Any CPU.Build.0 = Release|Any CPU
	EndGlobalSection
	GlobalSection(SolutionProperties) = preSolution
		HideSolutionNode = FALSE
	EndGlobalSection
	GlobalSection(ExtensibilityGlobals) = postSolution
		SolutionGuid = {19E6B30C-4064-4632-B177-EFC5498857A4}
	EndGlobalSection
EndGlobal
